PODS:
  - netfox (1.21.0)
  - SDWebImage (5.19.0):
    - SDWebImage/Core (= 5.19.0)
  - SDWebImage/Core (5.19.0)

DEPENDENCIES:
  - netfox
  - SDWebImage

SPEC REPOS:
  trunk:
    - netfox
    - SDWebImage

SPEC CHECKSUMS:
  netfox: 9d5cc727fe7576c4c7688a2504618a156b7d44b7
  SDWebImage: 981fd7e860af070920f249fd092420006014c3eb

PODFILE CHECKSUM: 8d81e9d7d7042bff7c6a4b38390f5aead6ff4ff1

COCOAPODS: 1.12.1
