// !$*UTF8*$!
{
	archiveVersion = 1;
	classes = {
	};
	objectVersion = 56;
	objects = {

/* Begin PBXBuildFile section */
		223E1E0C2B94FB3800B70BBB /* PixabayData.swift in Sources */ = {isa = PBXBuildFile; fileRef = 223E1E0B2B94FB3800B70BBB /* PixabayData.swift */; };
		223E1E0E2B973E2900B70BBB /* ShowResultsCollectionViewCellsCreator.swift in Sources */ = {isa = PBXBuildFile; fileRef = 223E1E0D2B973E2900B70BBB /* ShowResultsCollectionViewCellsCreator.swift */; };
		223E1E132B9768F800B70BBB /* FoundImagesViewModel.swift in Sources */ = {isa = PBXBuildFile; fileRef = 223E1E122B9768F800B70BBB /* FoundImagesViewModel.swift */; };
		223E1E152B976BCF00B70BBB /* PixabayDataMeneger.swift in Sources */ = {isa = PBXBuildFile; fileRef = 223E1E142B976BCF00B70BBB /* PixabayDataMeneger.swift */; };
		2256B4642B83F5680055C284 /* AppDelegate.swift in Sources */ = {isa = PBXBuildFile; fileRef = 2256B4632B83F5680055C284 /* AppDelegate.swift */; };
		2256B4662B83F5680055C284 /* SceneDelegate.swift in Sources */ = {isa = PBXBuildFile; fileRef = 2256B4652B83F5680055C284 /* SceneDelegate.swift */; };
		2256B46D2B83F5690055C284 /* Assets.xcassets in Resources */ = {isa = PBXBuildFile; fileRef = 2256B46C2B83F5690055C284 /* Assets.xcassets */; };
		2256B4702B83F5690055C284 /* LaunchScreen.storyboard in Resources */ = {isa = PBXBuildFile; fileRef = 2256B46E2B83F5690055C284 /* LaunchScreen.storyboard */; };
		226024DC2B8EAF02008DF799 /* UIViewControllerExtension.swift in Sources */ = {isa = PBXBuildFile; fileRef = 226024DB2B8EAF02008DF799 /* UIViewControllerExtension.swift */; };
		226024E12B8EB204008DF799 /* UIViewExtensions.swift in Sources */ = {isa = PBXBuildFile; fileRef = 226024E02B8EB204008DF799 /* UIViewExtensions.swift */; };
		226024E32B8EB225008DF799 /* UIImageExtensions.swift in Sources */ = {isa = PBXBuildFile; fileRef = 226024E22B8EB225008DF799 /* UIImageExtensions.swift */; };
		2268E4DD2B8551AF00792F66 /* OpenSans-Bold.ttf in Resources */ = {isa = PBXBuildFile; fileRef = 2268E4DC2B8551AF00792F66 /* OpenSans-Bold.ttf */; };
		22849B652B9A382E00B315A7 /* OpenSans-Medium.ttf in Resources */ = {isa = PBXBuildFile; fileRef = 22849B642B9A382E00B315A7 /* OpenSans-Medium.ttf */; };
		22849B672B9A38B300B315A7 /* OpenSans-SemiBold.ttf in Resources */ = {isa = PBXBuildFile; fileRef = 22849B662B9A38B300B315A7 /* OpenSans-SemiBold.ttf */; };
		2291F0FF2B856922004FF5EB /* UIColorExtensions.swift in Sources */ = {isa = PBXBuildFile; fileRef = 2291F0FE2B856922004FF5EB /* UIColorExtensions.swift */; };
		2291F1012B8571B3004FF5EB /* OpenSans-Light.ttf in Resources */ = {isa = PBXBuildFile; fileRef = 2291F1002B8571B3004FF5EB /* OpenSans-Light.ttf */; };
		22D82B8E2B8EF5A1003BA27A /* ResultsRepresentVC.swift in Sources */ = {isa = PBXBuildFile; fileRef = 22D82B8C2B8EF5A1003BA27A /* ResultsRepresentVC.swift */; };
		22D82B8F2B8EF5A1003BA27A /* ResultsRepresentVC.xib in Resources */ = {isa = PBXBuildFile; fileRef = 22D82B8D2B8EF5A1003BA27A /* ResultsRepresentVC.xib */; };
		22E173F02B85880B0021200B /* OpenSans-Regular.ttf in Resources */ = {isa = PBXBuildFile; fileRef = 22E173EF2B85880B0021200B /* OpenSans-Regular.ttf */; };
		22E2123F2B99144400E750BB /* RelatedRequstCollectionViewCellsCreator.swift in Sources */ = {isa = PBXBuildFile; fileRef = 22E2123E2B99144400E750BB /* RelatedRequstCollectionViewCellsCreator.swift */; };
		22F979F52B8412ED004CF466 /* MainViewController.swift in Sources */ = {isa = PBXBuildFile; fileRef = 22F979F32B8412ED004CF466 /* MainViewController.swift */; };
		22F979F62B8412ED004CF466 /* MainViewController.xib in Resources */ = {isa = PBXBuildFile; fileRef = 22F979F42B8412ED004CF466 /* MainViewController.xib */; };
		D9857B23D64E3D9B87DFF11A /* Pods_Images_search.framework in Frameworks */ = {isa = PBXBuildFile; fileRef = F2F121D7F2CE0A6FA585279D /* Pods_Images_search.framework */; };
/* End PBXBuildFile section */

/* Begin PBXFileReference section */
		223E1E0B2B94FB3800B70BBB /* PixabayData.swift */ = {isa = PBXFileReference; lastKnownFileType = sourcecode.swift; path = PixabayData.swift; sourceTree = "<group>"; };
		223E1E0D2B973E2900B70BBB /* ShowResultsCollectionViewCellsCreator.swift */ = {isa = PBXFileReference; lastKnownFileType = sourcecode.swift; path = ShowResultsCollectionViewCellsCreator.swift; sourceTree = "<group>"; };
		223E1E122B9768F800B70BBB /* FoundImagesViewModel.swift */ = {isa = PBXFileReference; lastKnownFileType = sourcecode.swift; path = FoundImagesViewModel.swift; sourceTree = "<group>"; };
		223E1E142B976BCF00B70BBB /* PixabayDataMeneger.swift */ = {isa = PBXFileReference; lastKnownFileType = sourcecode.swift; path = PixabayDataMeneger.swift; sourceTree = "<group>"; };
		2256B4602B83F5680055C284 /* Images search.app */ = {isa = PBXFileReference; explicitFileType = wrapper.application; includeInIndex = 0; path = "Images search.app"; sourceTree = BUILT_PRODUCTS_DIR; };
		2256B4632B83F5680055C284 /* AppDelegate.swift */ = {isa = PBXFileReference; lastKnownFileType = sourcecode.swift; path = AppDelegate.swift; sourceTree = "<group>"; };
		2256B4652B83F5680055C284 /* SceneDelegate.swift */ = {isa = PBXFileReference; lastKnownFileType = sourcecode.swift; path = SceneDelegate.swift; sourceTree = "<group>"; };
		2256B46C2B83F5690055C284 /* Assets.xcassets */ = {isa = PBXFileReference; lastKnownFileType = folder.assetcatalog; path = Assets.xcassets; sourceTree = "<group>"; };
		2256B46F2B83F5690055C284 /* Base */ = {isa = PBXFileReference; lastKnownFileType = file.storyboard; name = Base; path = Base.lproj/LaunchScreen.storyboard; sourceTree = "<group>"; };
		2256B4712B83F5690055C284 /* Info.plist */ = {isa = PBXFileReference; lastKnownFileType = text.plist.xml; path = Info.plist; sourceTree = "<group>"; };
		226024DB2B8EAF02008DF799 /* UIViewControllerExtension.swift */ = {isa = PBXFileReference; lastKnownFileType = sourcecode.swift; path = UIViewControllerExtension.swift; sourceTree = "<group>"; };
		226024E02B8EB204008DF799 /* UIViewExtensions.swift */ = {isa = PBXFileReference; lastKnownFileType = sourcecode.swift; path = UIViewExtensions.swift; sourceTree = "<group>"; };
		226024E22B8EB225008DF799 /* UIImageExtensions.swift */ = {isa = PBXFileReference; lastKnownFileType = sourcecode.swift; path = UIImageExtensions.swift; sourceTree = "<group>"; };
		2268E4DC2B8551AF00792F66 /* OpenSans-Bold.ttf */ = {isa = PBXFileReference; lastKnownFileType = file; path = "OpenSans-Bold.ttf"; sourceTree = "<group>"; };
		22849B642B9A382E00B315A7 /* OpenSans-Medium.ttf */ = {isa = PBXFileReference; lastKnownFileType = file; path = "OpenSans-Medium.ttf"; sourceTree = "<group>"; };
		22849B662B9A38B300B315A7 /* OpenSans-SemiBold.ttf */ = {isa = PBXFileReference; lastKnownFileType = file; path = "OpenSans-SemiBold.ttf"; sourceTree = "<group>"; };
		2291F0FE2B856922004FF5EB /* UIColorExtensions.swift */ = {isa = PBXFileReference; lastKnownFileType = sourcecode.swift; path = UIColorExtensions.swift; sourceTree = "<group>"; };
		2291F1002B8571B3004FF5EB /* OpenSans-Light.ttf */ = {isa = PBXFileReference; lastKnownFileType = file; path = "OpenSans-Light.ttf"; sourceTree = "<group>"; };
		22D82B8C2B8EF5A1003BA27A /* ResultsRepresentVC.swift */ = {isa = PBXFileReference; lastKnownFileType = sourcecode.swift; path = ResultsRepresentVC.swift; sourceTree = "<group>"; };
		22D82B8D2B8EF5A1003BA27A /* ResultsRepresentVC.xib */ = {isa = PBXFileReference; lastKnownFileType = file.xib; path = ResultsRepresentVC.xib; sourceTree = "<group>"; };
		22E173EF2B85880B0021200B /* OpenSans-Regular.ttf */ = {isa = PBXFileReference; lastKnownFileType = file; path = "OpenSans-Regular.ttf"; sourceTree = "<group>"; };
		22E2123E2B99144400E750BB /* RelatedRequstCollectionViewCellsCreator.swift */ = {isa = PBXFileReference; lastKnownFileType = sourcecode.swift; path = RelatedRequstCollectionViewCellsCreator.swift; sourceTree = "<group>"; };
		22F979F32B8412ED004CF466 /* MainViewController.swift */ = {isa = PBXFileReference; lastKnownFileType = sourcecode.swift; path = MainViewController.swift; sourceTree = "<group>"; };
		22F979F42B8412ED004CF466 /* MainViewController.xib */ = {isa = PBXFileReference; lastKnownFileType = file.xib; path = MainViewController.xib; sourceTree = "<group>"; };
		AC22343E67EF9524435FD448 /* Pods-Images search.release.xcconfig */ = {isa = PBXFileReference; includeInIndex = 1; lastKnownFileType = text.xcconfig; name = "Pods-Images search.release.xcconfig"; path = "Target Support Files/Pods-Images search/Pods-Images search.release.xcconfig"; sourceTree = "<group>"; };
		CD6067E95045B20A82D8E02B /* Pods-Images search.debug.xcconfig */ = {isa = PBXFileReference; includeInIndex = 1; lastKnownFileType = text.xcconfig; name = "Pods-Images search.debug.xcconfig"; path = "Target Support Files/Pods-Images search/Pods-Images search.debug.xcconfig"; sourceTree = "<group>"; };
		F2F121D7F2CE0A6FA585279D /* Pods_Images_search.framework */ = {isa = PBXFileReference; explicitFileType = wrapper.framework; includeInIndex = 0; path = Pods_Images_search.framework; sourceTree = BUILT_PRODUCTS_DIR; };
/* End PBXFileReference section */

/* Begin PBXFrameworksBuildPhase section */
		2256B45D2B83F5680055C284 /* Frameworks */ = {
			isa = PBXFrameworksBuildPhase;
			buildActionMask = 2147483647;
			files = (
				D9857B23D64E3D9B87DFF11A /* Pods_Images_search.framework in Frameworks */,
			);
			runOnlyForDeploymentPostprocessing = 0;
		};
/* End PBXFrameworksBuildPhase section */

/* Begin PBXGroup section */
		223E1E112B97686600B70BBB /* Network&Data */ = {
			isa = PBXGroup;
			children = (
				223E1E0B2B94FB3800B70BBB /* PixabayData.swift */,
				223E1E122B9768F800B70BBB /* FoundImagesViewModel.swift */,
				223E1E142B976BCF00B70BBB /* PixabayDataMeneger.swift */,
			);
			path = "Network&Data";
			sourceTree = "<group>";
		};
		2256B4572B83F5680055C284 = {
			isa = PBXGroup;
			children = (
				2256B4622B83F5680055C284 /* Images search */,
				2256B4612B83F5680055C284 /* Products */,
				5CB947F21946C859FDD6C14C /* Pods */,
				D7100DFB2CE64322FE45239A /* Frameworks */,
			);
			sourceTree = "<group>";
		};
		2256B4612B83F5680055C284 /* Products */ = {
			isa = PBXGroup;
			children = (
				2256B4602B83F5680055C284 /* Images search.app */,
			);
			name = Products;
			sourceTree = "<group>";
		};
		2256B4622B83F5680055C284 /* Images search */ = {
			isa = PBXGroup;
			children = (
				2256B4712B83F5690055C284 /* Info.plist */,
				2256B4632B83F5680055C284 /* AppDelegate.swift */,
				2256B4652B83F5680055C284 /* SceneDelegate.swift */,
				2256B46E2B83F5690055C284 /* LaunchScreen.storyboard */,
				2291F0FD2B8568F3004FF5EB /* Extensions */,
				2268E4DA2B85516E00792F66 /* Resources */,
				223E1E112B97686600B70BBB /* Network&Data */,
				22F979F72B8413B5004CF466 /* MainViewController */,
				22D82B8B2B8EF498003BA27A /* ResultsRepresentVC */,
			);
			path = "Images search";
			sourceTree = "<group>";
		};
		2268E4DA2B85516E00792F66 /* Resources */ = {
			isa = PBXGroup;
			children = (
				2268E4DB2B85519400792F66 /* Fonts */,
				2256B46C2B83F5690055C284 /* Assets.xcassets */,
			);
			path = Resources;
			sourceTree = "<group>";
		};
		2268E4DB2B85519400792F66 /* Fonts */ = {
			isa = PBXGroup;
			children = (
				2268E4DC2B8551AF00792F66 /* OpenSans-Bold.ttf */,
				2291F1002B8571B3004FF5EB /* OpenSans-Light.ttf */,
				22E173EF2B85880B0021200B /* OpenSans-Regular.ttf */,
				22849B642B9A382E00B315A7 /* OpenSans-Medium.ttf */,
				22849B662B9A38B300B315A7 /* OpenSans-SemiBold.ttf */,
			);
			path = Fonts;
			sourceTree = "<group>";
		};
		2291F0FD2B8568F3004FF5EB /* Extensions */ = {
			isa = PBXGroup;
			children = (
				2291F0FE2B856922004FF5EB /* UIColorExtensions.swift */,
				226024DB2B8EAF02008DF799 /* UIViewControllerExtension.swift */,
				226024E02B8EB204008DF799 /* UIViewExtensions.swift */,
				226024E22B8EB225008DF799 /* UIImageExtensions.swift */,
			);
			path = Extensions;
			sourceTree = "<group>";
		};
		22D82B8B2B8EF498003BA27A /* ResultsRepresentVC */ = {
			isa = PBXGroup;
			children = (
				22D82B8C2B8EF5A1003BA27A /* ResultsRepresentVC.swift */,
				22D82B8D2B8EF5A1003BA27A /* ResultsRepresentVC.xib */,
				223E1E0D2B973E2900B70BBB /* ShowResultsCollectionViewCellsCreator.swift */,
				22E2123E2B99144400E750BB /* RelatedRequstCollectionViewCellsCreator.swift */,
			);
			path = ResultsRepresentVC;
			sourceTree = "<group>";
		};
		22F979F72B8413B5004CF466 /* MainViewController */ = {
			isa = PBXGroup;
			children = (
				22F979F32B8412ED004CF466 /* MainViewController.swift */,
				22F979F42B8412ED004CF466 /* MainViewController.xib */,
			);
			path = MainViewController;
			sourceTree = "<group>";
		};
		5CB947F21946C859FDD6C14C /* Pods */ = {
			isa = PBXGroup;
			children = (
				CD6067E95045B20A82D8E02B /* Pods-Images search.debug.xcconfig */,
				AC22343E67EF9524435FD448 /* Pods-Images search.release.xcconfig */,
			);
			path = Pods;
			sourceTree = "<group>";
		};
		D7100DFB2CE64322FE45239A /* Frameworks */ = {
			isa = PBXGroup;
			children = (
				F2F121D7F2CE0A6FA585279D /* Pods_Images_search.framework */,
			);
			name = Frameworks;
			sourceTree = "<group>";
		};
/* End PBXGroup section */

/* Begin PBXNativeTarget section */
		2256B45F2B83F5680055C284 /* Images search */ = {
			isa = PBXNativeTarget;
			buildConfigurationList = 2256B4742B83F5690055C284 /* Build configuration list for PBXNativeTarget "Images search" */;
			buildPhases = (
				02BAE80AAA342AC017838961 /* [CP] Check Pods Manifest.lock */,
				2256B45C2B83F5680055C284 /* Sources */,
				2256B45D2B83F5680055C284 /* Frameworks */,
				2256B45E2B83F5680055C284 /* Resources */,
				83BDCCDB5195515BF9AFC53B /* [CP] Embed Pods Frameworks */,
			);
			buildRules = (
			);
			dependencies = (
			);
			name = "Images search";
			productName = "Images search";
			productReference = 2256B4602B83F5680055C284 /* Images search.app */;
			productType = "com.apple.product-type.application";
		};
/* End PBXNativeTarget section */

/* Begin PBXProject section */
		2256B4582B83F5680055C284 /* Project object */ = {
			isa = PBXProject;
			attributes = {
				BuildIndependentTargetsInParallel = 1;
				LastSwiftUpdateCheck = 1520;
				LastUpgradeCheck = 1520;
				TargetAttributes = {
					2256B45F2B83F5680055C284 = {
						CreatedOnToolsVersion = 15.2;
					};
				};
			};
			buildConfigurationList = 2256B45B2B83F5680055C284 /* Build configuration list for PBXProject "Images search" */;
			compatibilityVersion = "Xcode 14.0";
			developmentRegion = en;
			hasScannedForEncodings = 0;
			knownRegions = (
				en,
				Base,
			);
			mainGroup = 2256B4572B83F5680055C284;
			productRefGroup = 2256B4612B83F5680055C284 /* Products */;
			projectDirPath = "";
			projectRoot = "";
			targets = (
				2256B45F2B83F5680055C284 /* Images search */,
			);
		};
/* End PBXProject section */

/* Begin PBXResourcesBuildPhase section */
		2256B45E2B83F5680055C284 /* Resources */ = {
			isa = PBXResourcesBuildPhase;
			buildActionMask = 2147483647;
			files = (
				22D82B8F2B8EF5A1003BA27A /* ResultsRepresentVC.xib in Resources */,
				22849B672B9A38B300B315A7 /* OpenSans-SemiBold.ttf in Resources */,
				2256B4702B83F5690055C284 /* LaunchScreen.storyboard in Resources */,
				22F979F62B8412ED004CF466 /* MainViewController.xib in Resources */,
				2268E4DD2B8551AF00792F66 /* OpenSans-Bold.ttf in Resources */,
				22849B652B9A382E00B315A7 /* OpenSans-Medium.ttf in Resources */,
				2291F1012B8571B3004FF5EB /* OpenSans-Light.ttf in Resources */,
				22E173F02B85880B0021200B /* OpenSans-Regular.ttf in Resources */,
				2256B46D2B83F5690055C284 /* Assets.xcassets in Resources */,
			);
			runOnlyForDeploymentPostprocessing = 0;
		};
/* End PBXResourcesBuildPhase section */

/* Begin PBXShellScriptBuildPhase section */
		02BAE80AAA342AC017838961 /* [CP] Check Pods Manifest.lock */ = {
			isa = PBXShellScriptBuildPhase;
			buildActionMask = 2147483647;
			files = (
			);
			inputFileListPaths = (
			);
			inputPaths = (
				"${PODS_PODFILE_DIR_PATH}/Podfile.lock",
				"${PODS_ROOT}/Manifest.lock",
			);
			name = "[CP] Check Pods Manifest.lock";
			outputFileListPaths = (
			);
			outputPaths = (
				"$(DERIVED_FILE_DIR)/Pods-Images search-checkManifestLockResult.txt",
			);
			runOnlyForDeploymentPostprocessing = 0;
			shellPath = /bin/sh;
			shellScript = "diff \"${PODS_PODFILE_DIR_PATH}/Podfile.lock\" \"${PODS_ROOT}/Manifest.lock\" > /dev/null\nif [ $? != 0 ] ; then\n    # print error to STDERR\n    echo \"error: The sandbox is not in sync with the Podfile.lock. Run 'pod install' or update your CocoaPods installation.\" >&2\n    exit 1\nfi\n# This output is used by Xcode 'outputs' to avoid re-running this script phase.\necho \"SUCCESS\" > \"${SCRIPT_OUTPUT_FILE_0}\"\n";
			showEnvVarsInLog = 0;
		};
		83BDCCDB5195515BF9AFC53B /* [CP] Embed Pods Frameworks */ = {
			isa = PBXShellScriptBuildPhase;
			buildActionMask = 2147483647;
			files = (
			);
			inputFileListPaths = (
				"${PODS_ROOT}/Target Support Files/Pods-Images search/Pods-Images search-frameworks-${CONFIGURATION}-input-files.xcfilelist",
			);
			name = "[CP] Embed Pods Frameworks";
			outputFileListPaths = (
				"${PODS_ROOT}/Target Support Files/Pods-Images search/Pods-Images search-frameworks-${CONFIGURATION}-output-files.xcfilelist",
			);
			runOnlyForDeploymentPostprocessing = 0;
			shellPath = /bin/sh;
			shellScript = "\"${PODS_ROOT}/Target Support Files/Pods-Images search/Pods-Images search-frameworks.sh\"\n";
			showEnvVarsInLog = 0;
		};
/* End PBXShellScriptBuildPhase section */

/* Begin PBXSourcesBuildPhase section */
		2256B45C2B83F5680055C284 /* Sources */ = {
			isa = PBXSourcesBuildPhase;
			buildActionMask = 2147483647;
			files = (
				22E2123F2B99144400E750BB /* RelatedRequstCollectionViewCellsCreator.swift in Sources */,
				226024DC2B8EAF02008DF799 /* UIViewControllerExtension.swift in Sources */,
				223E1E0E2B973E2900B70BBB /* ShowResultsCollectionViewCellsCreator.swift in Sources */,
				22F979F52B8412ED004CF466 /* MainViewController.swift in Sources */,
				226024E32B8EB225008DF799 /* UIImageExtensions.swift in Sources */,
				223E1E132B9768F800B70BBB /* FoundImagesViewModel.swift in Sources */,
				2291F0FF2B856922004FF5EB /* UIColorExtensions.swift in Sources */,
				223E1E152B976BCF00B70BBB /* PixabayDataMeneger.swift in Sources */,
				2256B4642B83F5680055C284 /* AppDelegate.swift in Sources */,
				226024E12B8EB204008DF799 /* UIViewExtensions.swift in Sources */,
				223E1E0C2B94FB3800B70BBB /* PixabayData.swift in Sources */,
				22D82B8E2B8EF5A1003BA27A /* ResultsRepresentVC.swift in Sources */,
				2256B4662B83F5680055C284 /* SceneDelegate.swift in Sources */,
			);
			runOnlyForDeploymentPostprocessing = 0;
		};
/* End PBXSourcesBuildPhase section */

/* Begin PBXVariantGroup section */
		2256B46E2B83F5690055C284 /* LaunchScreen.storyboard */ = {
			isa = PBXVariantGroup;
			children = (
				2256B46F2B83F5690055C284 /* Base */,
			);
			name = LaunchScreen.storyboard;
			sourceTree = "<group>";
		};
/* End PBXVariantGroup section */

/* Begin XCBuildConfiguration section */
		2256B4722B83F5690055C284 /* Debug */ = {
			isa = XCBuildConfiguration;
			buildSettings = {
				ALWAYS_SEARCH_USER_PATHS = NO;
				ASSETCATALOG_COMPILER_GENERATE_SWIFT_ASSET_SYMBOL_EXTENSIONS = YES;
				CLANG_ANALYZER_NONNULL = YES;
				CLANG_ANALYZER_NUMBER_OBJECT_CONVERSION = YES_AGGRESSIVE;
				CLANG_CXX_LANGUAGE_STANDARD = "gnu++20";
				CLANG_ENABLE_MODULES = YES;
				CLANG_ENABLE_OBJC_ARC = YES;
				CLANG_ENABLE_OBJC_WEAK = YES;
				CLANG_WARN_BLOCK_CAPTURE_AUTORELEASING = YES;
				CLANG_WARN_BOOL_CONVERSION = YES;
				CLANG_WARN_COMMA = YES;
				CLANG_WARN_CONSTANT_CONVERSION = YES;
				CLANG_WARN_DEPRECATED_OBJC_IMPLEMENTATIONS = YES;
				CLANG_WARN_DIRECT_OBJC_ISA_USAGE = YES_ERROR;
				CLANG_WARN_DOCUMENTATION_COMMENTS = YES;
				CLANG_WARN_EMPTY_BODY = YES;
				CLANG_WARN_ENUM_CONVERSION = YES;
				CLANG_WARN_INFINITE_RECURSION = YES;
				CLANG_WARN_INT_CONVERSION = YES;
				CLANG_WARN_NON_LITERAL_NULL_CONVERSION = YES;
				CLANG_WARN_OBJC_IMPLICIT_RETAIN_SELF = YES;
				CLANG_WARN_OBJC_LITERAL_CONVERSION = YES;
				CLANG_WARN_OBJC_ROOT_CLASS = YES_ERROR;
				CLANG_WARN_QUOTED_INCLUDE_IN_FRAMEWORK_HEADER = YES;
				CLANG_WARN_RANGE_LOOP_ANALYSIS = YES;
				CLANG_WARN_STRICT_PROTOTYPES = YES;
				CLANG_WARN_SUSPICIOUS_MOVE = YES;
				CLANG_WARN_UNGUARDED_AVAILABILITY = YES_AGGRESSIVE;
				CLANG_WARN_UNREACHABLE_CODE = YES;
				CLANG_WARN__DUPLICATE_METHOD_MATCH = YES;
				COPY_PHASE_STRIP = NO;
				DEBUG_INFORMATION_FORMAT = dwarf;
				ENABLE_STRICT_OBJC_MSGSEND = YES;
				ENABLE_TESTABILITY = YES;
				ENABLE_USER_SCRIPT_SANDBOXING = NO;
				GCC_C_LANGUAGE_STANDARD = gnu17;
				GCC_DYNAMIC_NO_PIC = NO;
				GCC_NO_COMMON_BLOCKS = YES;
				GCC_OPTIMIZATION_LEVEL = 0;
				GCC_PREPROCESSOR_DEFINITIONS = (
					"DEBUG=1",
					"$(inherited)",
				);
				GCC_WARN_64_TO_32_BIT_CONVERSION = YES;
				GCC_WARN_ABOUT_RETURN_TYPE = YES_ERROR;
				GCC_WARN_UNDECLARED_SELECTOR = YES;
				GCC_WARN_UNINITIALIZED_AUTOS = YES_AGGRESSIVE;
				GCC_WARN_UNUSED_FUNCTION = YES;
				GCC_WARN_UNUSED_VARIABLE = YES;
				IPHONEOS_DEPLOYMENT_TARGET = 17.2;
				LOCALIZATION_PREFERS_STRING_CATALOGS = YES;
				MTL_ENABLE_DEBUG_INFO = INCLUDE_SOURCE;
				MTL_FAST_MATH = YES;
				ONLY_ACTIVE_ARCH = YES;
				SDKROOT = iphoneos;
				SWIFT_ACTIVE_COMPILATION_CONDITIONS = "DEBUG $(inherited)";
				SWIFT_OPTIMIZATION_LEVEL = "-Onone";
			};
			name = Debug;
		};
		2256B4732B83F5690055C284 /* Release */ = {
			isa = XCBuildConfiguration;
			buildSettings = {
				ALWAYS_SEARCH_USER_PATHS = NO;
				ASSETCATALOG_COMPILER_GENERATE_SWIFT_ASSET_SYMBOL_EXTENSIONS = YES;
				CLANG_ANALYZER_NONNULL = YES;
				CLANG_ANALYZER_NUMBER_OBJECT_CONVERSION = YES_AGGRESSIVE;
				CLANG_CXX_LANGUAGE_STANDARD = "gnu++20";
				CLANG_ENABLE_MODULES = YES;
				CLANG_ENABLE_OBJC_ARC = YES;
				CLANG_ENABLE_OBJC_WEAK = YES;
				CLANG_WARN_BLOCK_CAPTURE_AUTORELEASING = YES;
				CLANG_WARN_BOOL_CONVERSION = YES;
				CLANG_WARN_COMMA = YES;
				CLANG_WARN_CONSTANT_CONVERSION = YES;
				CLANG_WARN_DEPRECATED_OBJC_IMPLEMENTATIONS = YES;
				CLANG_WARN_DIRECT_OBJC_ISA_USAGE = YES_ERROR;
				CLANG_WARN_DOCUMENTATION_COMMENTS = YES;
				CLANG_WARN_EMPTY_BODY = YES;
				CLANG_WARN_ENUM_CONVERSION = YES;
				CLANG_WARN_INFINITE_RECURSION = YES;
				CLANG_WARN_INT_CONVERSION = YES;
				CLANG_WARN_NON_LITERAL_NULL_CONVERSION = YES;
				CLANG_WARN_OBJC_IMPLICIT_RETAIN_SELF = YES;
				CLANG_WARN_OBJC_LITERAL_CONVERSION = YES;
				CLANG_WARN_OBJC_ROOT_CLASS = YES_ERROR;
				CLANG_WARN_QUOTED_INCLUDE_IN_FRAMEWORK_HEADER = YES;
				CLANG_WARN_RANGE_LOOP_ANALYSIS = YES;
				CLANG_WARN_STRICT_PROTOTYPES = YES;
				CLANG_WARN_SUSPICIOUS_MOVE = YES;
				CLANG_WARN_UNGUARDED_AVAILABILITY = YES_AGGRESSIVE;
				CLANG_WARN_UNREACHABLE_CODE = YES;
				CLANG_WARN__DUPLICATE_METHOD_MATCH = YES;
				COPY_PHASE_STRIP = NO;
				DEBUG_INFORMATION_FORMAT = "dwarf-with-dsym";
				ENABLE_NS_ASSERTIONS = NO;
				ENABLE_STRICT_OBJC_MSGSEND = YES;
				ENABLE_USER_SCRIPT_SANDBOXING = NO;
				GCC_C_LANGUAGE_STANDARD = gnu17;
				GCC_NO_COMMON_BLOCKS = YES;
				GCC_WARN_64_TO_32_BIT_CONVERSION = YES;
				GCC_WARN_ABOUT_RETURN_TYPE = YES_ERROR;
				GCC_WARN_UNDECLARED_SELECTOR = YES;
				GCC_WARN_UNINITIALIZED_AUTOS = YES_AGGRESSIVE;
				GCC_WARN_UNUSED_FUNCTION = YES;
				GCC_WARN_UNUSED_VARIABLE = YES;
				IPHONEOS_DEPLOYMENT_TARGET = 17.2;
				LOCALIZATION_PREFERS_STRING_CATALOGS = YES;
				MTL_ENABLE_DEBUG_INFO = NO;
				MTL_FAST_MATH = YES;
				SDKROOT = iphoneos;
				SWIFT_COMPILATION_MODE = wholemodule;
				VALIDATE_PRODUCT = YES;
			};
			name = Release;
		};
		2256B4752B83F5690055C284 /* Debug */ = {
			isa = XCBuildConfiguration;
			baseConfigurationReference = CD6067E95045B20A82D8E02B /* Pods-Images search.debug.xcconfig */;
			buildSettings = {
				ASSETCATALOG_COMPILER_APPICON_NAME = AppIcon;
				ASSETCATALOG_COMPILER_GLOBAL_ACCENT_COLOR_NAME = AccentColor;
				CODE_SIGN_STYLE = Automatic;
				CURRENT_PROJECT_VERSION = 1;
				DEVELOPMENT_TEAM = 4D98645N8M;
				GENERATE_INFOPLIST_FILE = YES;
				INFOPLIST_FILE = "Images search/Info.plist";
				INFOPLIST_KEY_UIApplicationSupportsIndirectInputEvents = YES;
				INFOPLIST_KEY_UILaunchStoryboardName = LaunchScreen;
				INFOPLIST_KEY_UISupportedInterfaceOrientations_iPad = "UIInterfaceOrientationPortrait UIInterfaceOrientationPortraitUpsideDown UIInterfaceOrientationLandscapeLeft UIInterfaceOrientationLandscapeRight";
				INFOPLIST_KEY_UISupportedInterfaceOrientations_iPhone = "UIInterfaceOrientationPortrait UIInterfaceOrientationLandscapeLeft UIInterfaceOrientationLandscapeRight";
				IPHONEOS_DEPLOYMENT_TARGET = 14.0;
				LD_RUNPATH_SEARCH_PATHS = (
					"$(inherited)",
					"@executable_path/Frameworks",
				);
				MARKETING_VERSION = 1.0;
				PRODUCT_BUNDLE_IDENTIFIER = "Solohub.Images-search";
				PRODUCT_NAME = "$(TARGET_NAME)";
				SWIFT_EMIT_LOC_STRINGS = YES;
				SWIFT_VERSION = 5.0;
				TARGETED_DEVICE_FAMILY = "1,2";
			};
			name = Debug;
		};
		2256B4762B83F5690055C284 /* Release */ = {
			isa = XCBuildConfiguration;
			baseConfigurationReference = AC22343E67EF9524435FD448 /* Pods-Images search.release.xcconfig */;
			buildSettings = {
				ASSETCATALOG_COMPILER_APPICON_NAME = AppIcon;
				ASSETCATALOG_COMPILER_GLOBAL_ACCENT_COLOR_NAME = AccentColor;
				CODE_SIGN_STYLE = Automatic;
				CURRENT_PROJECT_VERSION = 1;
				DEVELOPMENT_TEAM = 4D98645N8M;
				GENERATE_INFOPLIST_FILE = YES;
				INFOPLIST_FILE = "Images search/Info.plist";
				INFOPLIST_KEY_UIApplicationSupportsIndirectInputEvents = YES;
				INFOPLIST_KEY_UILaunchStoryboardName = LaunchScreen;
				INFOPLIST_KEY_UISupportedInterfaceOrientations_iPad = "UIInterfaceOrientationPortrait UIInterfaceOrientationPortraitUpsideDown UIInterfaceOrientationLandscapeLeft UIInterfaceOrientationLandscapeRight";
				INFOPLIST_KEY_UISupportedInterfaceOrientations_iPhone = "UIInterfaceOrientationPortrait UIInterfaceOrientationLandscapeLeft UIInterfaceOrientationLandscapeRight";
				IPHONEOS_DEPLOYMENT_TARGET = 14.0;
				LD_RUNPATH_SEARCH_PATHS = (
					"$(inherited)",
					"@executable_path/Frameworks",
				);
				MARKETING_VERSION = 1.0;
				PRODUCT_BUNDLE_IDENTIFIER = "Solohub.Images-search";
				PRODUCT_NAME = "$(TARGET_NAME)";
				SWIFT_EMIT_LOC_STRINGS = YES;
				SWIFT_VERSION = 5.0;
				TARGETED_DEVICE_FAMILY = "1,2";
			};
			name = Release;
		};
/* End XCBuildConfiguration section */

/* Begin XCConfigurationList section */
		2256B45B2B83F5680055C284 /* Build configuration list for PBXProject "Images search" */ = {
			isa = XCConfigurationList;
			buildConfigurations = (
				2256B4722B83F5690055C284 /* Debug */,
				2256B4732B83F5690055C284 /* Release */,
			);
			defaultConfigurationIsVisible = 0;
			defaultConfigurationName = Release;
		};
		2256B4742B83F5690055C284 /* Build configuration list for PBXNativeTarget "Images search" */ = {
			isa = XCConfigurationList;
			buildConfigurations = (
				2256B4752B83F5690055C284 /* Debug */,
				2256B4762B83F5690055C284 /* Release */,
			);
			defaultConfigurationIsVisible = 0;
			defaultConfigurationName = Release;
		};
/* End XCConfigurationList section */
	};
	rootObject = 2256B4582B83F5680055C284 /* Project object */;
}
